
Microsoft Visual Studio Solution File, Format Version 12.00
# Visual Studio 15
Project("{FAE04EC0-301F-11D3-BF4B-00C04F79EFBC}") = "Assembly-CSharp", "Assembly-CSharp.csproj", "{2F5C99C9-A07B-A407-3356-428CD0EEF36E}"
EndProject
Project("{FAE04EC0-301F-11D3-BF4B-00C04F79EFBC}") = "Assembly-CSharp-Editor", "Assembly-CSharp-Editor.csproj", "{8E6E9A9E-8340-0EE7-4680-8B6BAC18F21C}"
EndProject
Global
	GlobalSection(SolutionConfigurationPlatforms) = preSolution
		Debug|Any CPU = Debug|Any CPU
		Release|Any CPU = Release|Any CPU
	EndGlobalSection
	GlobalSection(ProjectConfigurationPlatforms) = postSolution
		{2F5C99C9-A07B-A407-3356-428CD0EEF36E}.Debug|Any CPU.ActiveCfg = Debug|Any CPU
		{2F5C99C9-A07B-A407-3356-428CD0EEF36E}.Debug|Any CPU.Build.0 = Debug|Any CPU
		{2F5C99C9-A07B-A407-3356-428CD0EEF36E}.Release|Any CPU.ActiveCfg = Release|Any CPU
		{2F5C99C9-A07B-A407-3356-428CD0EEF36E}.Release|Any CPU.Build.0 = Release|Any CPU
		{8E6E9A9E-8340-0EE7-4680-8B6BAC18F21C}.Debug|Any CPU.ActiveCfg = Debug|Any CPU
		{8E6E9A9E-8340-0EE7-4680-8B6BAC18F21C}.Debug|Any CPU.Build.0 = Debug|Any CPU
		{8E6E9A9E-8340-0EE7-4680-8B6BAC18F21C}.Release|Any CPU.ActiveCfg = Release|Any CPU
		{8E6E9A9E-8340-0EE7-4680-8B6BAC18F21C}.Release|Any CPU.Build.0 = Release|Any CPU
	EndGlobalSection
	GlobalSection(SolutionProperties) = preSolution
		HideSolutionNode = FALSE
	EndGlobalSection
EndGlobal
